<Solution>
  <Folder Name="/apps/" />
  <Folder Name="/apps/RealtimeCommunication-microservice/" />
  <Folder Name="/apps/RealtimeCommunication-microservice/src/">
    <Project Path="apps/RealtimeCommunication-microservice/src/Messages/Messages.csproj" />
    <Project Path="apps/RealtimeCommunication-microservice/src/RealtimeCommunication/RealtimeCommunication.csproj" />
  </Folder>
  <Folder Name="/apps/RealtimeCommunication-microservice/tests/">
    <Project Path="apps/RealtimeCommunication-microservice/tests/RealtimeCommunication.Tests/RealtimeCommunication.Tests.csproj" />
  </Folder>
</Solution>
